
Microsoft Visual Studio Solution File, Format Version 12.00
# Visual Studio Version 17
VisualStudioVersion = 17.13.35931.197
MinimumVisualStudioVersion = 10.0.40219.1
Project("{54A90642-561A-4BB1-A94E-469ADEE60C69}") = "chatapplication.client", "chatapplication.client\chatapplication.client.esproj", "{3A3C90FC-0164-D9F2-591F-C6C0A1B8F1D6}"
EndProject
Project("{FAE04EC0-301F-11D3-BF4B-00C04F79EFBC}") = "ChatApplication.Server", "ChatApplication.Server\ChatApplication.Server.csproj", "{DB5F4EDD-081E-4B79-A22F-29FAE8F8D155}"
EndProject
Project("{2150E333-8FDC-42A3-9474-1A3956D46DE8}") = "Docker", "Docker", "{8EC462FD-D22E-90A8-E5CE-7E832BA40C5D}"
	ProjectSection(SolutionItems) = preProject
		docker-compose.yml = docker-compose.yml
		Dockerfile.client = Dockerfile.client
		Dockerfile.server = Dockerfile.server
	EndProjectSection
EndProject
Global
	GlobalSection(SolutionConfigurationPlatforms) = preSolution
		Debug|Any CPU = Debug|Any CPU
		Release|Any CPU = Release|Any CPU
	EndGlobalSection
	GlobalSection(ProjectConfigurationPlatforms) = postSolution
		{3A3C90FC-0164-D9F2-591F-C6C0A1B8F1D6}.Debug|Any CPU.ActiveCfg = Debug|Any CPU
		{3A3C90FC-0164-D9F2-591F-C6C0A1B8F1D6}.Debug|Any CPU.Build.0 = Debug|Any CPU
		{3A3C90FC-0164-D9F2-591F-C6C0A1B8F1D6}.Debug|Any CPU.Deploy.0 = Debug|Any CPU
		{3A3C90FC-0164-D9F2-591F-C6C0A1B8F1D6}.Release|Any CPU.ActiveCfg = Release|Any CPU
		{3A3C90FC-0164-D9F2-591F-C6C0A1B8F1D6}.Release|Any CPU.Build.0 = Release|Any CPU
		{3A3C90FC-0164-D9F2-591F-C6C0A1B8F1D6}.Release|Any CPU.Deploy.0 = Release|Any CPU
		{DB5F4EDD-081E-4B79-A22F-29FAE8F8D155}.Debug|Any CPU.ActiveCfg = Debug|Any CPU
		{DB5F4EDD-081E-4B79-A22F-29FAE8F8D155}.Debug|Any CPU.Build.0 = Debug|Any CPU
		{DB5F4EDD-081E-4B79-A22F-29FAE8F8D155}.Release|Any CPU.ActiveCfg = Release|Any CPU
		{DB5F4EDD-081E-4B79-A22F-29FAE8F8D155}.Release|Any CPU.Build.0 = Release|Any CPU
	EndGlobalSection
	GlobalSection(SolutionProperties) = preSolution
		HideSolutionNode = FALSE
	EndGlobalSection
	GlobalSection(ExtensibilityGlobals) = postSolution
		SolutionGuid = {D9B9FED9-5849-472C-A2C5-7A83BB208DF0}
	EndGlobalSection
EndGlobal
