Microsoft Visual Studio Solution File, Format Version 12.00
# Visual Studio Version 17
VisualStudioVersion = 17.5.2.0
MinimumVisualStudioVersion = 10.0.40219.1
Project("{FAE04EC0-301F-11D3-BF4B-00C04F79EFBC}") = "ChatApplication.Server", "ChatApplication.Server\ChatApplication.Server.csproj", "{3AD8652D-BEA3-4E45-7B54-7C914AE5776C}"
EndProject
Global
	GlobalSection(SolutionConfigurationPlatforms) = preSolution
		Debug|Any CPU = Debug|Any CPU
		Release|Any CPU = Release|Any CPU
	EndGlobalSection
	GlobalSection(ProjectConfigurationPlatforms) = postSolution
		{3AD8652D-BEA3-4E45-7B54-7C914AE5776C}.Debug|Any CPU.ActiveCfg = Debug|Any CPU
		{3AD8652D-BEA3-4E45-7B54-7C914AE5776C}.Debug|Any CPU.Build.0 = Debug|Any CPU
		{3AD8652D-BEA3-4E45-7B54-7C914AE5776C}.Release|Any CPU.ActiveCfg = Release|Any CPU
		{3AD8652D-BEA3-4E45-7B54-7C914AE5776C}.Release|Any CPU.Build.0 = Release|Any CPU
	EndGlobalSection
	GlobalSection(SolutionProperties) = preSolution
		HideSolutionNode = FALSE
	EndGlobalSection
	GlobalSection(ExtensibilityGlobals) = postSolution
		SolutionGuid = {A742EE52-8568-4DCC-99CC-3189FBFBC74F}
	EndGlobalSection
EndGlobal
